
Microsoft Visual Studio Solution File, Format Version 12.00
# Visual Studio Version 17
VisualStudioVersion = 17.2.32616.157
MinimumVisualStudioVersion = 10.0.40219.1
Project("{FAE04EC0-301F-11D3-BF4B-00C04F79EFBC}") = "dots.and.boxes", "dots.and.boxes\dots.and.boxes.csproj", "{3866160B-4E28-4102-B3EB-972CD07F737E}"
EndProject
Global
	GlobalSection(SolutionConfigurationPlatforms) = preSolution
		Debug|AnyCPU = Debug|AnyCPU
		Release|AnyCPU = Release|AnyCPU
	EndGlobalSection
	GlobalSection(ProjectConfigurationPlatforms) = postSolution
		{3866160B-4E28-4102-B3EB-972CD07F737E}.Debug|AnyCPU.ActiveCfg = Debug|Any CPU
		{3866160B-4E28-4102-B3EB-972CD07F737E}.Debug|AnyCPU.Build.0 = Debug|Any CPU
		{3866160B-4E28-4102-B3EB-972CD07F737E}.Release|AnyCPU.ActiveCfg = Release|Any CPU
		{3866160B-4E28-4102-B3EB-972CD07F737E}.Release|AnyCPU.Build.0 = Release|Any CPU
	EndGlobalSection
	GlobalSection(SolutionProperties) = preSolution
		HideSolutionNode = FALSE
	EndGlobalSection
	GlobalSection(ExtensibilityGlobals) = postSolution
		SolutionGuid = {29836C40-CCB5-4C89-A69F-F22172833AE1}
	EndGlobalSection
EndGlobal
